
Microsoft Visual Studio Solution File, Format Version 12.00
# Visual Studio Version 16
VisualStudioVersion = 16.0.28803.352
MinimumVisualStudioVersion = 10.0.40219.1
Project("{FAE04EC0-301F-11D3-BF4B-00C04F79EFBC}") = "TaurusPRTo", "TaurusPRTo\TaurusPRTo.csproj", "{76854855-D2F4-405B-9690-B0B71EFA1EA7}"
EndProject
Project("{FAE04EC0-301F-11D3-BF4B-00C04F79EFBC}") = "TaurusPRTo.Tests", "TaurusPRTo.Tests\TaurusPRTo.Tests.csproj", "{81B23777-3CCE-43E0-9A08-2BE5A7BF3D06}"
EndProject
Global
	GlobalSection(SolutionConfigurationPlatforms) = preSolution
		Debug|Any CPU = Debug|Any CPU
		Release|Any CPU = Release|Any CPU
	EndGlobalSection
	GlobalSection(ProjectConfigurationPlatforms) = postSolution
		{76854855-D2F4-405B-9690-B0B71EFA1EA7}.Debug|Any CPU.ActiveCfg = Debug|Any CPU
		{76854855-D2F4-405B-9690-B0B71EFA1EA7}.Debug|Any CPU.Build.0 = Debug|Any CPU
		{76854855-D2F4-405B-9690-B0B71EFA1EA7}.Release|Any CPU.ActiveCfg = Release|Any CPU
		{76854855-D2F4-405B-9690-B0B71EFA1EA7}.Release|Any CPU.Build.0 = Release|Any CPU
		{81B23777-3CCE-43E0-9A08-2BE5A7BF3D06}.Debug|Any CPU.ActiveCfg = Debug|Any CPU
		{81B23777-3CCE-43E0-9A08-2BE5A7BF3D06}.Debug|Any CPU.Build.0 = Debug|Any CPU
		{81B23777-3CCE-43E0-9A08-2BE5A7BF3D06}.Release|Any CPU.ActiveCfg = Release|Any CPU
		{81B23777-3CCE-43E0-9A08-2BE5A7BF3D06}.Release|Any CPU.Build.0 = Release|Any CPU
	EndGlobalSection
	GlobalSection(SolutionProperties) = preSolution
		HideSolutionNode = FALSE
	EndGlobalSection
	GlobalSection(ExtensibilityGlobals) = postSolution
		SolutionGuid = {67C09248-4A9F-4F75-B9B4-7832F4EED88F}
	EndGlobalSection
EndGlobal
